
Microsoft Visual Studio Solution File, Format Version 12.00
# Visual Studio Version 17
VisualStudioVersion = 17.8.34525.116
MinimumVisualStudioVersion = 10.0.40219.1
Project("{FAE04EC0-301F-11D3-BF4B-00C04F79EFBC}") = "laba-1-3", "laba-1-3\laba-1-3.csproj", "{EEF55866-25FF-4110-BC0D-D1F46720B0C6}"
EndProject
Global
	GlobalSection(SolutionConfigurationPlatforms) = preSolution
		Debug|Any CPU = Debug|Any CPU
		Release|Any CPU = Release|Any CPU
	EndGlobalSection
	GlobalSection(ProjectConfigurationPlatforms) = postSolution
		{EEF55866-25FF-4110-BC0D-D1F46720B0C6}.Debug|Any CPU.ActiveCfg = Debug|Any CPU
		{EEF55866-25FF-4110-BC0D-D1F46720B0C6}.Debug|Any CPU.Build.0 = Debug|Any CPU
		{EEF55866-25FF-4110-BC0D-D1F46720B0C6}.Release|Any CPU.ActiveCfg = Release|Any CPU
		{EEF55866-25FF-4110-BC0D-D1F46720B0C6}.Release|Any CPU.Build.0 = Release|Any CPU
	EndGlobalSection
	GlobalSection(SolutionProperties) = preSolution
		HideSolutionNode = FALSE
	EndGlobalSection
	GlobalSection(ExtensibilityGlobals) = postSolution
		SolutionGuid = {039ECB58-BD15-460D-BE4B-C394CB1FB46F}
	EndGlobalSection
EndGlobal
